
Microsoft Visual Studio Solution File, Format Version 12.00
# Visual Studio 15
VisualStudioVersion = 15.0.28307.329
MinimumVisualStudioVersion = 10.0.40219.1
Project("{FAE04EC0-301F-11D3-BF4B-00C04F79EFBC}") = "RobVisKUKA", "KRC.csproj", "{6823E84F-C45C-46A2-A9F5-E67DDDAF7210}"
EndProject
Global
	GlobalSection(SolutionConfigurationPlatforms) = preSolution
		Debug|Any CPU = Debug|Any CPU
		Release|Any CPU = Release|Any CPU
	EndGlobalSection
	GlobalSection(ProjectConfigurationPlatforms) = postSolution
		{6823E84F-C45C-46A2-A9F5-E67DDDAF7210}.Debug|Any CPU.ActiveCfg = Debug|Any CPU
		{6823E84F-C45C-46A2-A9F5-E67DDDAF7210}.Debug|Any CPU.Build.0 = Debug|Any CPU
		{6823E84F-C45C-46A2-A9F5-E67DDDAF7210}.Release|Any CPU.ActiveCfg = Release|Any CPU
		{6823E84F-C45C-46A2-A9F5-E67DDDAF7210}.Release|Any CPU.Build.0 = Release|Any CPU
	EndGlobalSection
	GlobalSection(SolutionProperties) = preSolution
		HideSolutionNode = FALSE
	EndGlobalSection
	GlobalSection(ExtensibilityGlobals) = postSolution
		SolutionGuid = {D30C9849-C170-4E36-BAF6-9010C6AFC298}
	EndGlobalSection
EndGlobal
